Microsoft Visual Studio Solution File, Format Version 12.00
# Visual Studio 2012
Project("{FAE04EC0-301F-11D3-BF4B-00C04F79EFBC}") = "RadialMenu", "RadialMenu.csproj", "{FD6E7111-DBF5-4A9F-A5D0-EBCA156A8414}"
EndProject
Global
	GlobalSection(SolutionConfigurationPlatforms) = preSolution
	Debug|Any CPU = Debug|Any CPU
	ExportDebug|Any CPU = ExportDebug|Any CPU
	ExportRelease|Any CPU = ExportRelease|Any CPU
	EndGlobalSection
	GlobalSection(ProjectConfigurationPlatforms) = postSolution
		{FD6E7111-DBF5-4A9F-A5D0-EBCA156A8414}.Debug|Any CPU.ActiveCfg = Debug|Any CPU
		{FD6E7111-DBF5-4A9F-A5D0-EBCA156A8414}.Debug|Any CPU.Build.0 = Debug|Any CPU
		{FD6E7111-DBF5-4A9F-A5D0-EBCA156A8414}.ExportDebug|Any CPU.ActiveCfg = ExportDebug|Any CPU
		{FD6E7111-DBF5-4A9F-A5D0-EBCA156A8414}.ExportDebug|Any CPU.Build.0 = ExportDebug|Any CPU
		{FD6E7111-DBF5-4A9F-A5D0-EBCA156A8414}.ExportRelease|Any CPU.ActiveCfg = ExportRelease|Any CPU
		{FD6E7111-DBF5-4A9F-A5D0-EBCA156A8414}.ExportRelease|Any CPU.Build.0 = ExportRelease|Any CPU
	EndGlobalSection
EndGlobal
